
Microsoft Visual Studio Solution File, Format Version 12.00
# Visual Studio Version 17
VisualStudioVersion = 17.14.36301.6
MinimumVisualStudioVersion = 10.0.40219.1
Project("{FAE04EC0-301F-11D3-BF4B-00C04F79EFBC}") = "WebPortfolio2", "WebPortfolio2\WebPortfolio2.csproj", "{6AD08960-777B-41E7-9471-5049E45ED4C0}"
EndProject
Project("{FAE04EC0-301F-11D3-BF4B-00C04F79EFBC}") = "TrainingConsoleApp1", "TrainingConsoleApp1\TrainingConsoleApp1.csproj", "{2DB66C0E-552D-4F45-8C4B-C9F3C1B4F033}"
EndProject
Global
	GlobalSection(SolutionConfigurationPlatforms) = preSolution
		Debug|Any CPU = Debug|Any CPU
		Release|Any CPU = Release|Any CPU
	EndGlobalSection
	GlobalSection(ProjectConfigurationPlatforms) = postSolution
		{6AD08960-777B-41E7-9471-5049E45ED4C0}.Debug|Any CPU.ActiveCfg = Debug|Any CPU
		{6AD08960-777B-41E7-9471-5049E45ED4C0}.Debug|Any CPU.Build.0 = Debug|Any CPU
		{6AD08960-777B-41E7-9471-5049E45ED4C0}.Release|Any CPU.ActiveCfg = Release|Any CPU
		{6AD08960-777B-41E7-9471-5049E45ED4C0}.Release|Any CPU.Build.0 = Release|Any CPU
		{2DB66C0E-552D-4F45-8C4B-C9F3C1B4F033}.Debug|Any CPU.ActiveCfg = Debug|Any CPU
		{2DB66C0E-552D-4F45-8C4B-C9F3C1B4F033}.Debug|Any CPU.Build.0 = Debug|Any CPU
		{2DB66C0E-552D-4F45-8C4B-C9F3C1B4F033}.Release|Any CPU.ActiveCfg = Release|Any CPU
		{2DB66C0E-552D-4F45-8C4B-C9F3C1B4F033}.Release|Any CPU.Build.0 = Release|Any CPU
	EndGlobalSection
	GlobalSection(SolutionProperties) = preSolution
		HideSolutionNode = FALSE
	EndGlobalSection
	GlobalSection(ExtensibilityGlobals) = postSolution
		SolutionGuid = {782E72B9-646C-496C-8AFE-A72094CE6850}
	EndGlobalSection
EndGlobal
